{
  "version": 4,
  "terraform_version": "1.5.1",
  "serial": 1141,
  "lineage": "e93e86a6-b526-19f7-4333-ce7e9d393094",
  "outputs": {},
  "resources": [
    {
      "mode": "managed",
      "type": "local_file",
      "name": "host_inventory",
      "provider": "provider[\"registry.terraform.io/hashicorp/local\"]",
      "instances": []
    },
    {
      "mode": "managed",
      "type": "local_file",
      "name": "host_variables",
      "provider": "provider[\"registry.terraform.io/hashicorp/local\"]",
      "instances": []
    },
    {
      "mode": "managed",
      "type": "openstack_compute_volume_attach_v2",
      "name": "volume_associations",
      "provider": "provider[\"registry.terraform.io/terraform-provider-openstack/openstack\"]",
      "instances": []
    },
    {
      "module": "module.Storage_nodes",
      "mode": "managed",
      "type": "openstack_compute_floatingip_associate_v2",
      "name": "storage_node_floating_ips",
      "provider": "provider[\"registry.terraform.io/terraform-provider-openstack/openstack\"]",
      "instances": []
    },
    {
      "module": "module.Storage_nodes",
      "mode": "managed",
      "type": "openstack_networking_floatingip_v2",
      "name": "storage_floating_ips",
      "provider": "provider[\"registry.terraform.io/terraform-provider-openstack/openstack\"]",
      "instances": [
        {
          "index_key": 0,
          "schema_version": 0,
          "attributes": {
            "address": "10.103.4.120",
            "all_tags": [],
            "description": "",
            "dns_domain": "",
            "dns_name": "",
            "fixed_ip": "",
            "id": "cd51e491-f5c5-44b4-bdd5-e858df71d386",
            "pool": "ext-net",
            "port_id": "",
            "region": "",
            "subnet_id": null,
            "subnet_ids": null,
            "tags": null,
            "tenant_id": "0355d4a4ccb34e32a28a44be960b2784",
            "timeouts": null,
            "value_specs": null
          },
          "sensitive_attributes": [],
          "private": "eyJlMmJmYjczMC1lY2FhLTExZTYtOGY4OC0zNDM2M2JjN2M0YzAiOnsiY3JlYXRlIjo2MDAwMDAwMDAwMDAsImRlbGV0ZSI6NjAwMDAwMDAwMDAwfX0="
        }
      ]
    },
    {
      "module": "module.compute_nodes",
      "mode": "managed",
      "type": "openstack_compute_floatingip_associate_v2",
      "name": "compute_node_floating_ips",
      "provider": "provider[\"registry.terraform.io/terraform-provider-openstack/openstack\"]",
      "instances": []
    },
    {
      "module": "module.compute_nodes",
      "mode": "managed",
      "type": "openstack_compute_instance_v2",
      "name": "compute_nodes",
      "provider": "provider[\"registry.terraform.io/terraform-provider-openstack/openstack\"]",
      "instances": [
        {
          "index_key": 0,
          "schema_version": 0,
          "attributes": {
            "access_ip_v4": "192.168.0.38",
            "access_ip_v6": "",
            "admin_pass": null,
            "all_metadata": {},
            "all_tags": [],
            "availability_zone": "nova",
            "availability_zone_hints": null,
            "block_device": [
              {
                "boot_index": 0,
                "delete_on_termination": true,
                "destination_type": "volume",
                "device_type": "",
                "disk_bus": "",
                "guest_format": "",
                "multiattach": false,
                "source_type": "image",
                "uuid": "b9decfae-85c4-4ce2-99ce-21c17a27fb12",
                "volume_size": 40,
                "volume_type": "ceph_veko0623"
              }
            ],
            "config_drive": null,
            "created": "2023-09-11 05:49:54 +0000 UTC",
            "flavor_id": "8b9e2752-af29-4b3e-9005-58cc7d142ddf",
            "flavor_name": "IaaS.Vcpu_2.ram_4.disk_0",
            "floating_ip": null,
            "force_delete": false,
            "id": "730bb338-939a-4f91-a37e-81af27fd6d40",
            "image_id": "Attempt to boot from volume - no image supplied",
            "image_name": null,
            "key_pair": "opmn-kolla-key",
            "metadata": null,
            "name": "opmn-kolla1-CM",
            "network": [
              {
                "access_network": false,
                "fixed_ip_v4": "192.168.0.38",
                "fixed_ip_v6": "",
                "floating_ip": "",
                "mac": "fa:16:3e:5e:51:15",
                "name": "inner-net_VEKO0623",
                "port": "",
                "uuid": "0cdc2f36-147a-48eb-b542-860303b28994"
              },
              {
                "access_network": false,
                "fixed_ip_v4": "10.0.1.219",
                "fixed_ip_v6": "",
                "floating_ip": "",
                "mac": "fa:16:3e:14:b8:e8",
                "name": "int_api-net",
                "port": "",
                "uuid": "42951dc0-6027-48f1-84e7-0378027a2ceb"
              }
            ],
            "network_mode": null,
            "personality": [],
            "power_state": "active",
            "region": "",
            "scheduler_hints": [],
            "security_groups": [
              "opmn-sg"
            ],
            "stop_before_destroy": false,
            "tags": null,
            "timeouts": null,
            "updated": "2023-09-11 05:50:09 +0000 UTC",
            "user_data": null,
            "vendor_options": [],
            "volume": []
          },
          "sensitive_attributes": [],
          "private": "eyJlMmJmYjczMC1lY2FhLTExZTYtOGY4OC0zNDM2M2JjN2M0YzAiOnsiY3JlYXRlIjoxODAwMDAwMDAwMDAwLCJkZWxldGUiOjE4MDAwMDAwMDAwMDAsInVwZGF0ZSI6MTgwMDAwMDAwMDAwMH19"
        }
      ]
    },
    {
      "module": "module.compute_nodes",
      "mode": "managed",
      "type": "openstack_compute_interface_attach_v2",
      "name": "attach_interface",
      "provider": "provider[\"registry.terraform.io/terraform-provider-openstack/openstack\"]",
      "instances": []
    },
    {
      "module": "module.compute_nodes",
      "mode": "managed",
      "type": "openstack_networking_floatingip_v2",
      "name": "compute_floating_ips",
      "provider": "provider[\"registry.terraform.io/terraform-provider-openstack/openstack\"]",
      "instances": [
        {
          "index_key": 0,
          "schema_version": 0,
          "attributes": {
            "address": "10.103.4.192",
            "all_tags": [],
            "description": "",
            "dns_domain": "",
            "dns_name": "",
            "fixed_ip": "",
            "id": "8284367b-b38a-4b72-9490-70d953faffe6",
            "pool": "ext-net",
            "port_id": "",
            "region": "",
            "subnet_id": null,
            "subnet_ids": null,
            "tags": null,
            "tenant_id": "0355d4a4ccb34e32a28a44be960b2784",
            "timeouts": null,
            "value_specs": null
          },
          "sensitive_attributes": [],
          "private": "eyJlMmJmYjczMC1lY2FhLTExZTYtOGY4OC0zNDM2M2JjN2M0YzAiOnsiY3JlYXRlIjo2MDAwMDAwMDAwMDAsImRlbGV0ZSI6NjAwMDAwMDAwMDAwfX0="
        },
        {
          "index_key": 1,
          "schema_version": 0,
          "attributes": {
            "address": "10.103.4.114",
            "all_tags": [],
            "description": "",
            "dns_domain": "",
            "dns_name": "",
            "fixed_ip": "",
            "id": "1465a2e8-9c4c-4c19-a3eb-aeb727391125",
            "pool": "ext-net",
            "port_id": "",
            "region": "",
            "subnet_id": null,
            "subnet_ids": null,
            "tags": null,
            "tenant_id": "0355d4a4ccb34e32a28a44be960b2784",
            "timeouts": null,
            "value_specs": null
          },
          "sensitive_attributes": [],
          "private": "eyJlMmJmYjczMC1lY2FhLTExZTYtOGY4OC0zNDM2M2JjN2M0YzAiOnsiY3JlYXRlIjo2MDAwMDAwMDAwMDAsImRlbGV0ZSI6NjAwMDAwMDAwMDAwfX0="
        }
      ]
    },
    {
      "module": "module.controller_nodes",
      "mode": "managed",
      "type": "openstack_compute_floatingip_associate_v2",
      "name": "controller_node_floating_ips",
      "provider": "provider[\"registry.terraform.io/terraform-provider-openstack/openstack\"]",
      "instances": []
    },
    {
      "module": "module.controller_nodes",
      "mode": "managed",
      "type": "openstack_compute_interface_attach_v2",
      "name": "attach_interface",
      "provider": "provider[\"registry.terraform.io/terraform-provider-openstack/openstack\"]",
      "instances": []
    },
    {
      "module": "module.controller_nodes",
      "mode": "managed",
      "type": "openstack_networking_floatingip_v2",
      "name": "controller_floating_ips",
      "provider": "provider[\"registry.terraform.io/terraform-provider-openstack/openstack\"]",
      "instances": [
        {
          "index_key": 0,
          "schema_version": 0,
          "attributes": {
            "address": "10.103.4.208",
            "all_tags": [],
            "description": "",
            "dns_domain": "",
            "dns_name": "",
            "fixed_ip": "",
            "id": "cef71c68-629d-42c0-ad67-558339928254",
            "pool": "ext-net",
            "port_id": "",
            "region": "",
            "subnet_id": null,
            "subnet_ids": null,
            "tags": null,
            "tenant_id": "0355d4a4ccb34e32a28a44be960b2784",
            "timeouts": null,
            "value_specs": null
          },
          "sensitive_attributes": [],
          "private": "eyJlMmJmYjczMC1lY2FhLTExZTYtOGY4OC0zNDM2M2JjN2M0YzAiOnsiY3JlYXRlIjo2MDAwMDAwMDAwMDAsImRlbGV0ZSI6NjAwMDAwMDAwMDAwfX0="
        },
        {
          "index_key": 1,
          "schema_version": 0,
          "attributes": {
            "address": "10.103.4.18",
            "all_tags": [],
            "description": "",
            "dns_domain": "",
            "dns_name": "",
            "fixed_ip": "",
            "id": "0c94c8cc-16b2-42ba-a520-2ce3c63c8c17",
            "pool": "ext-net",
            "port_id": "",
            "region": "",
            "subnet_id": null,
            "subnet_ids": null,
            "tags": null,
            "tenant_id": "0355d4a4ccb34e32a28a44be960b2784",
            "timeouts": null,
            "value_specs": null
          },
          "sensitive_attributes": [],
          "private": "eyJlMmJmYjczMC1lY2FhLTExZTYtOGY4OC0zNDM2M2JjN2M0YzAiOnsiY3JlYXRlIjo2MDAwMDAwMDAwMDAsImRlbGV0ZSI6NjAwMDAwMDAwMDAwfX0="
        }
      ]
    },
    {
      "module": "module.deployment_node",
      "mode": "managed",
      "type": "openstack_compute_floatingip_associate_v2",
      "name": "deployment_node_floating_ips",
      "provider": "provider[\"registry.terraform.io/terraform-provider-openstack/openstack\"]",
      "instances": []
    },
    {
      "module": "module.deployment_node",
      "mode": "managed",
      "type": "openstack_networking_floatingip_v2",
      "name": "deployment_floating_ips",
      "provider": "provider[\"registry.terraform.io/terraform-provider-openstack/openstack\"]",
      "instances": [
        {
          "index_key": 0,
          "schema_version": 0,
          "attributes": {
            "address": "10.103.4.25",
            "all_tags": [],
            "description": "",
            "dns_domain": "",
            "dns_name": "",
            "fixed_ip": "",
            "id": "93f77300-47bc-4fdb-8760-81160b52c97f",
            "pool": "ext-net",
            "port_id": "",
            "region": "",
            "subnet_id": null,
            "subnet_ids": null,
            "tags": null,
            "tenant_id": "0355d4a4ccb34e32a28a44be960b2784",
            "timeouts": null,
            "value_specs": null
          },
          "sensitive_attributes": [],
          "private": "eyJlMmJmYjczMC1lY2FhLTExZTYtOGY4OC0zNDM2M2JjN2M0YzAiOnsiY3JlYXRlIjo2MDAwMDAwMDAwMDAsImRlbGV0ZSI6NjAwMDAwMDAwMDAwfX0="
        }
      ]
    },
    {
      "module": "module.keypair",
      "mode": "managed",
      "type": "openstack_compute_keypair_v2",
      "name": "multinode_keypair",
      "provider": "provider[\"registry.terraform.io/terraform-provider-openstack/openstack\"]",
      "instances": [
        {
          "schema_version": 0,
          "attributes": {
            "fingerprint": "d4:2f:10:db:99:54:4d:b6:b1:e0:30:df:11:dd:7d:e6",
            "id": "opmn-kolla-key",
            "name": "opmn-kolla-key",
            "private_key": "",
            "public_key": "ssh-rsa AAAAB3NzaC1yc2EAAAADAQABAAABAQDq04iVrQKCOT8bAxs6guWqqR7fUYBRXMicXT6qrb4dJ5yUjuILM5F+aAMJHsEPyPUan1AbkmZdXAOBOuojaVhVaas7umvh08Frf4/If2sT+Qy5aajwBRRhNbNmKnPLr2HHpWi82qrcSyRbKtj7/EsMzI2GEM3s2ULx5t+blXd5X1lSVwMUpZVKoIT9E+jbob1kw23SIe8vbmMfPwXX+KmTmwMGrsYs3/BjhEfgEc8+PVRqoLcZocW4bbbCUmCPjvhOnYn/5BQkRn96Waut4VGUhXL+foGDq+wnJhl7EnQzBvy1C8an49DSNmj+pclNZu9VfyKsmC45PBUUHd1PUJxZ root@jumpserver\n",
            "region": "",
            "user_id": "",
            "value_specs": null
          },
          "sensitive_attributes": [],
          "private": "bnVsbA=="
        }
      ]
    },
    {
      "module": "module.security_group",
      "mode": "managed",
      "type": "openstack_compute_secgroup_v2",
      "name": "security_group",
      "provider": "provider[\"registry.terraform.io/terraform-provider-openstack/openstack\"]",
      "instances": [
        {
          "schema_version": 0,
          "attributes": {
            "description": "my security group",
            "id": "1427354c-e8fa-466f-a9a9-700a6f67424c",
            "name": "opmn-sg",
            "region": "",
            "rule": [
              {
                "cidr": "0.0.0.0/0",
                "from_group_id": "",
                "from_port": -1,
                "id": "612b406a-f8a7-4e85-a1b3-fee06fb7a45f",
                "ip_protocol": "icmp",
                "self": false,
                "to_port": -1
              },
              {
                "cidr": "0.0.0.0/0",
                "from_group_id": "",
                "from_port": 1,
                "id": "23f65500-0b18-4e0d-b440-628e9cff0631",
                "ip_protocol": "tcp",
                "self": false,
                "to_port": 65535
              },
              {
                "cidr": "0.0.0.0/0",
                "from_group_id": "",
                "from_port": 22,
                "id": "6194f806-b2a2-4c16-9a60-03880342d88f",
                "ip_protocol": "tcp",
                "self": false,
                "to_port": 22
              }
            ],
            "timeouts": null
          },
          "sensitive_attributes": [],
          "private": "eyJlMmJmYjczMC1lY2FhLTExZTYtOGY4OC0zNDM2M2JjN2M0YzAiOnsiZGVsZXRlIjo2MDAwMDAwMDAwMDB9fQ=="
        }
      ]
    },
    {
      "module": "module.storage",
      "mode": "managed",
      "type": "openstack_blockstorage_volume_v3",
      "name": "volumes",
      "provider": "provider[\"registry.terraform.io/terraform-provider-openstack/openstack\"]",
      "instances": [
        {
          "index_key": 0,
          "schema_version": 0,
          "attributes": {
            "attachment": [],
            "availability_zone": "nova",
            "consistency_group_id": null,
            "description": "",
            "enable_online_resize": null,
            "id": "b72fbc32-46d5-4cd7-9a47-9a0597843016",
            "image_id": null,
            "metadata": {},
            "multiattach": null,
            "name": "opmn-kolla-storage1",
            "region": "",
            "scheduler_hints": [],
            "size": 20,
            "snapshot_id": "",
            "source_replica": null,
            "source_vol_id": "",
            "timeouts": null,
            "volume_type": "ceph_veko0623"
          },
          "sensitive_attributes": [],
          "private": "eyJlMmJmYjczMC1lY2FhLTExZTYtOGY4OC0zNDM2M2JjN2M0YzAiOnsiY3JlYXRlIjo2MDAwMDAwMDAwMDAsImRlbGV0ZSI6NjAwMDAwMDAwMDAwfX0="
        },
        {
          "index_key": 1,
          "schema_version": 0,
          "attributes": {
            "attachment": [],
            "availability_zone": "nova",
            "consistency_group_id": null,
            "description": "",
            "enable_online_resize": null,
            "id": "425b0224-7413-4086-a3cf-3db5cecbd2f4",
            "image_id": null,
            "metadata": {},
            "multiattach": null,
            "name": "opmn-kolla-storage2",
            "region": "",
            "scheduler_hints": [],
            "size": 20,
            "snapshot_id": "",
            "source_replica": null,
            "source_vol_id": "",
            "timeouts": null,
            "volume_type": "ceph_veko0623"
          },
          "sensitive_attributes": [],
          "private": "eyJlMmJmYjczMC1lY2FhLTExZTYtOGY4OC0zNDM2M2JjN2M0YzAiOnsiY3JlYXRlIjo2MDAwMDAwMDAwMDAsImRlbGV0ZSI6NjAwMDAwMDAwMDAwfX0="
        },
        {
          "index_key": 2,
          "schema_version": 0,
          "attributes": {
            "attachment": [],
            "availability_zone": "nova",
            "consistency_group_id": null,
            "description": "",
            "enable_online_resize": null,
            "id": "74c7dfbb-f7a1-466c-8376-9b69478b2ab7",
            "image_id": null,
            "metadata": {},
            "multiattach": null,
            "name": "opmn-kolla-storage3",
            "region": "",
            "scheduler_hints": [],
            "size": 20,
            "snapshot_id": "",
            "source_replica": null,
            "source_vol_id": "",
            "timeouts": null,
            "volume_type": "ceph_veko0623"
          },
          "sensitive_attributes": [],
          "private": "eyJlMmJmYjczMC1lY2FhLTExZTYtOGY4OC0zNDM2M2JjN2M0YzAiOnsiY3JlYXRlIjo2MDAwMDAwMDAwMDAsImRlbGV0ZSI6NjAwMDAwMDAwMDAwfX0="
        }
      ]
    }
  ],
  "check_results": null
}
